// !$*UTF8*$!
{
	archiveVersion = 1;
	classes = {
	};
	objectVersion = 46;
	objects = {

/* Begin PBXBuildFile section */
		674FD8F919A01DF500B6B9B3 /* ExampleTests.swift in Sources */ = {isa = PBXBuildFile; fileRef = 674FD8F819A01DF500B6B9B3 /* ExampleTests.swift */; };
		674FD93119A01FCF00B6B9B3 /* Constants.swift in Sources */ = {isa = PBXBuildFile; fileRef = 674FD90519A01FCF00B6B9B3 /* Constants.swift */; };
		674FD93219A01FCF00B6B9B3 /* DataTypes.swift in Sources */ = {isa = PBXBuildFile; fileRef = 674FD90719A01FCF00B6B9B3 /* DataTypes.swift */; };
		674FD93319A01FCF00B6B9B3 /* Protocols.swift in Sources */ = {isa = PBXBuildFile; fileRef = 674FD90A19A01FCF00B6B9B3 /* Protocols.swift */; };
		674FD93419A01FCF00B6B9B3 /* Cache.swift in Sources */ = {isa = PBXBuildFile; fileRef = 674FD90C19A01FCF00B6B9B3 /* Cache.swift */; };
		674FD93519A01FCF00B6B9B3 /* DiskCache.swift in Sources */ = {isa = PBXBuildFile; fileRef = 674FD90E19A01FCF00B6B9B3 /* DiskCache.swift */; };
		674FD93619A01FCF00B6B9B3 /* CacheEntity.swift in Sources */ = {isa = PBXBuildFile; fileRef = 674FD91019A01FCF00B6B9B3 /* CacheEntity.swift */; };
		674FD93719A01FCF00B6B9B3 /* Model.swift in Sources */ = {isa = PBXBuildFile; fileRef = 674FD91219A01FCF00B6B9B3 /* Model.swift */; };
		674FD93819A01FCF00B6B9B3 /* SecurityPolicy.swift in Sources */ = {isa = PBXBuildFile; fileRef = 674FD91519A01FCF00B6B9B3 /* SecurityPolicy.swift */; };
		674FD93919A01FCF00B6B9B3 /* RequestSerializer.swift in Sources */ = {isa = PBXBuildFile; fileRef = 674FD91819A01FCF00B6B9B3 /* RequestSerializer.swift */; };
		674FD93A19A01FCF00B6B9B3 /* ResponseSerializer.swift in Sources */ = {isa = PBXBuildFile; fileRef = 674FD91A19A01FCF00B6B9B3 /* ResponseSerializer.swift */; };
		674FD93B19A01FCF00B6B9B3 /* SessionManager.swift in Sources */ = {isa = PBXBuildFile; fileRef = 674FD91C19A01FCF00B6B9B3 /* SessionManager.swift */; };
		674FD93C19A01FCF00B6B9B3 /* SessionTaskDelegate.swift in Sources */ = {isa = PBXBuildFile; fileRef = 674FD91F19A01FCF00B6B9B3 /* SessionTaskDelegate.swift */; };
		674FD93D19A01FCF00B6B9B3 /* ApiQuery.swift in Sources */ = {isa = PBXBuildFile; fileRef = 674FD92219A01FCF00B6B9B3 /* ApiQuery.swift */; };
		674FD93E19A01FCF00B6B9B3 /* foo.cer in Resources */ = {isa = PBXBuildFile; fileRef = 674FD92519A01FCF00B6B9B3 /* foo.cer */; };
		674FD93F19A01FCF00B6B9B3 /* foobar.com.cer in Resources */ = {isa = PBXBuildFile; fileRef = 674FD92619A01FCF00B6B9B3 /* foobar.com.cer */; };
		674FD94019A01FCF00B6B9B3 /* NoDomains.cer in Resources */ = {isa = PBXBuildFile; fileRef = 674FD92719A01FCF00B6B9B3 /* NoDomains.cer */; };
		674FD94119A01FCF00B6B9B3 /* ApiStore.swift in Sources */ = {isa = PBXBuildFile; fileRef = 674FD92A19A01FCF00B6B9B3 /* ApiStore.swift */; };
		674FD94219A01FCF00B6B9B3 /* ApiStoreConfiguration.swift in Sources */ = {isa = PBXBuildFile; fileRef = 674FD92C19A01FCF00B6B9B3 /* ApiStoreConfiguration.swift */; };
		674FD94319A01FCF00B6B9B3 /* ApiEndpoint.swift in Sources */ = {isa = PBXBuildFile; fileRef = 674FD92E19A01FCF00B6B9B3 /* ApiEndpoint.swift */; };
		674FD94419A01FCF00B6B9B3 /* DataBaseStore.swift in Sources */ = {isa = PBXBuildFile; fileRef = 674FD93019A01FCF00B6B9B3 /* DataBaseStore.swift */; };
		6754282019A020EC00F1E674 /* AppDelegate.swift in Sources */ = {isa = PBXBuildFile; fileRef = 6754281C19A020EC00F1E674 /* AppDelegate.swift */; };
		6754282719A0210200F1E674 /* Main.storyboard in Resources */ = {isa = PBXBuildFile; fileRef = 6754282319A0210200F1E674 /* Main.storyboard */; };
		6754282819A0210200F1E674 /* Images.xcassets in Resources */ = {isa = PBXBuildFile; fileRef = 6754282519A0210200F1E674 /* Images.xcassets */; };
		6754282C19A0213A00F1E674 /* ApiConfiguration.swift in Sources */ = {isa = PBXBuildFile; fileRef = 6754282B19A0213A00F1E674 /* ApiConfiguration.swift */; };
		6754282F19A021AC00F1E674 /* libsqlite3.0.dylib in Frameworks */ = {isa = PBXBuildFile; fileRef = 6754282E19A021AC00F1E674 /* libsqlite3.0.dylib */; };
		6754283A19A0246000F1E674 /* HeroDatasource.swift in Sources */ = {isa = PBXBuildFile; fileRef = 6754283919A0246000F1E674 /* HeroDatasource.swift */; };
		6754283E19A0250300F1E674 /* Hero.swift in Sources */ = {isa = PBXBuildFile; fileRef = 6754283D19A0250300F1E674 /* Hero.swift */; };
		6754284219A0274C00F1E674 /* HeroListCell.swift in Sources */ = {isa = PBXBuildFile; fileRef = 6754284019A0274C00F1E674 /* HeroListCell.swift */; };
		6754284519A02EA900F1E674 /* Constant.swift in Sources */ = {isa = PBXBuildFile; fileRef = 6754284419A02EA900F1E674 /* Constant.swift */; };
		675CEC9819A0368E0066796A /* SystemConfiguration.framework in Frameworks */ = {isa = PBXBuildFile; fileRef = 675CEC9719A0368E0066796A /* SystemConfiguration.framework */; };
		675CEC9B19A064C50066796A /* HeroListTableViewController.swift in Sources */ = {isa = PBXBuildFile; fileRef = 675CEC9919A064C50066796A /* HeroListTableViewController.swift */; };
		675CEC9E19A066D90066796A /* Storyboard.storyboard in Resources */ = {isa = PBXBuildFile; fileRef = 675CEC9D19A066D90066796A /* Storyboard.storyboard */; };
		675CECA119A0753A0066796A /* Comic.swift in Sources */ = {isa = PBXBuildFile; fileRef = 675CECA019A0753A0066796A /* Comic.swift */; };
		675CECA419A076C70066796A /* Item.swift in Sources */ = {isa = PBXBuildFile; fileRef = 675CECA319A076C70066796A /* Item.swift */; };
		675CECA719A077870066796A /* Serie.swift in Sources */ = {isa = PBXBuildFile; fileRef = 675CECA619A077870066796A /* Serie.swift */; };
		675CECAA19A078670066796A /* Story.swift in Sources */ = {isa = PBXBuildFile; fileRef = 675CECA919A078670066796A /* Story.swift */; };
		675CECAD19A0791C0066796A /* Event.swift in Sources */ = {isa = PBXBuildFile; fileRef = 675CECAC19A0791C0066796A /* Event.swift */; };
		675CECB019A079930066796A /* Url.swift in Sources */ = {isa = PBXBuildFile; fileRef = 675CECAF19A079930066796A /* Url.swift */; };
		675CECB319A145DC0066796A /* Inflector.swift in Sources */ = {isa = PBXBuildFile; fileRef = 675CECB219A145DC0066796A /* Inflector.swift */; };
		675CECB419A145DC0066796A /* Inflector.swift in Sources */ = {isa = PBXBuildFile; fileRef = 675CECB219A145DC0066796A /* Inflector.swift */; };
		675CECB719A146290066796A /* InflectorRule.swift in Sources */ = {isa = PBXBuildFile; fileRef = 675CECB619A146290066796A /* InflectorRule.swift */; };
		675CECB819A146290066796A /* InflectorRule.swift in Sources */ = {isa = PBXBuildFile; fileRef = 675CECB619A146290066796A /* InflectorRule.swift */; };
		675CECBA19A147BA0066796A /* Inflector.plist in Resources */ = {isa = PBXBuildFile; fileRef = 675CECB919A147BA0066796A /* Inflector.plist */; };
		675CECBB19A147BA0066796A /* Inflector.plist in Resources */ = {isa = PBXBuildFile; fileRef = 675CECB919A147BA0066796A /* Inflector.plist */; };
		67749E1319A154F600B425AB /* Extension.swift in Sources */ = {isa = PBXBuildFile; fileRef = 67749E1219A154F600B425AB /* Extension.swift */; };
/* End PBXBuildFile section */

/* Begin PBXContainerItemProxy section */
		674FD8F319A01DF500B6B9B3 /* PBXContainerItemProxy */ = {
			isa = PBXContainerItemProxy;
			containerPortal = 674FD8D819A01DF400B6B9B3 /* Project object */;
			proxyType = 1;
			remoteGlobalIDString = 674FD8DF19A01DF500B6B9B3;
			remoteInfo = Example;
		};
/* End PBXContainerItemProxy section */

/* Begin PBXFileReference section */
		674FD8E019A01DF500B6B9B3 /* Example.app */ = {isa = PBXFileReference; explicitFileType = wrapper.application; includeInIndex = 0; path = Example.app; sourceTree = BUILT_PRODUCTS_DIR; };
		674FD8F219A01DF500B6B9B3 /* ExampleTests.xctest */ = {isa = PBXFileReference; explicitFileType = wrapper.cfbundle; includeInIndex = 0; path = ExampleTests.xctest; sourceTree = BUILT_PRODUCTS_DIR; };
		674FD8F719A01DF500B6B9B3 /* Info.plist */ = {isa = PBXFileReference; lastKnownFileType = text.plist.xml; path = Info.plist; sourceTree = "<group>"; };
		674FD8F819A01DF500B6B9B3 /* ExampleTests.swift */ = {isa = PBXFileReference; lastKnownFileType = sourcecode.swift; path = ExampleTests.swift; sourceTree = "<group>"; };
		674FD90519A01FCF00B6B9B3 /* Constants.swift */ = {isa = PBXFileReference; fileEncoding = 4; lastKnownFileType = sourcecode.swift; path = Constants.swift; sourceTree = "<group>"; };
		674FD90719A01FCF00B6B9B3 /* DataTypes.swift */ = {isa = PBXFileReference; fileEncoding = 4; lastKnownFileType = sourcecode.swift; path = DataTypes.swift; sourceTree = "<group>"; };
		674FD90819A01FCF00B6B9B3 /* NGeen-Bridging-Header.h */ = {isa = PBXFileReference; fileEncoding = 4; lastKnownFileType = sourcecode.c.h; path = "NGeen-Bridging-Header.h"; sourceTree = "<group>"; };
		674FD90A19A01FCF00B6B9B3 /* Protocols.swift */ = {isa = PBXFileReference; fileEncoding = 4; lastKnownFileType = sourcecode.swift; path = Protocols.swift; sourceTree = "<group>"; };
		674FD90C19A01FCF00B6B9B3 /* Cache.swift */ = {isa = PBXFileReference; fileEncoding = 4; lastKnownFileType = sourcecode.swift; path = Cache.swift; sourceTree = "<group>"; };
		674FD90E19A01FCF00B6B9B3 /* DiskCache.swift */ = {isa = PBXFileReference; fileEncoding = 4; lastKnownFileType = sourcecode.swift; path = DiskCache.swift; sourceTree = "<group>"; };
		674FD91019A01FCF00B6B9B3 /* CacheEntity.swift */ = {isa = PBXFileReference; fileEncoding = 4; lastKnownFileType = sourcecode.swift; path = CacheEntity.swift; sourceTree = "<group>"; };
		674FD91219A01FCF00B6B9B3 /* Model.swift */ = {isa = PBXFileReference; fileEncoding = 4; lastKnownFileType = sourcecode.swift; path = Model.swift; sourceTree = "<group>"; };
		674FD91519A01FCF00B6B9B3 /* SecurityPolicy.swift */ = {isa = PBXFileReference; fileEncoding = 4; lastKnownFileType = sourcecode.swift; path = SecurityPolicy.swift; sourceTree = "<group>"; };
		674FD91819A01FCF00B6B9B3 /* RequestSerializer.swift */ = {isa = PBXFileReference; fileEncoding = 4; lastKnownFileType = sourcecode.swift; path = RequestSerializer.swift; sourceTree = "<group>"; };
		674FD91A19A01FCF00B6B9B3 /* ResponseSerializer.swift */ = {isa = PBXFileReference; fileEncoding = 4; lastKnownFileType = sourcecode.swift; path = ResponseSerializer.swift; sourceTree = "<group>"; };
		674FD91C19A01FCF00B6B9B3 /* SessionManager.swift */ = {isa = PBXFileReference; fileEncoding = 4; lastKnownFileType = sourcecode.swift; path = SessionManager.swift; sourceTree = "<group>"; };
		674FD91F19A01FCF00B6B9B3 /* SessionTaskDelegate.swift */ = {isa = PBXFileReference; fileEncoding = 4; lastKnownFileType = sourcecode.swift; path = SessionTaskDelegate.swift; sourceTree = "<group>"; };
		674FD92219A01FCF00B6B9B3 /* ApiQuery.swift */ = {isa = PBXFileReference; fileEncoding = 4; lastKnownFileType = sourcecode.swift; path = ApiQuery.swift; sourceTree = "<group>"; };
		674FD92519A01FCF00B6B9B3 /* foo.cer */ = {isa = PBXFileReference; lastKnownFileType = file; path = foo.cer; sourceTree = "<group>"; };
		674FD92619A01FCF00B6B9B3 /* foobar.com.cer */ = {isa = PBXFileReference; lastKnownFileType = file; path = foobar.com.cer; sourceTree = "<group>"; };
		674FD92719A01FCF00B6B9B3 /* NoDomains.cer */ = {isa = PBXFileReference; lastKnownFileType = file; path = NoDomains.cer; sourceTree = "<group>"; };
		674FD92A19A01FCF00B6B9B3 /* ApiStore.swift */ = {isa = PBXFileReference; fileEncoding = 4; lastKnownFileType = sourcecode.swift; path = ApiStore.swift; sourceTree = "<group>"; };
		674FD92C19A01FCF00B6B9B3 /* ApiStoreConfiguration.swift */ = {isa = PBXFileReference; fileEncoding = 4; lastKnownFileType = sourcecode.swift; path = ApiStoreConfiguration.swift; sourceTree = "<group>"; };
		674FD92E19A01FCF00B6B9B3 /* ApiEndpoint.swift */ = {isa = PBXFileReference; fileEncoding = 4; lastKnownFileType = sourcecode.swift; path = ApiEndpoint.swift; sourceTree = "<group>"; };
		674FD93019A01FCF00B6B9B3 /* DataBaseStore.swift */ = {isa = PBXFileReference; fileEncoding = 4; lastKnownFileType = sourcecode.swift; path = DataBaseStore.swift; sourceTree = "<group>"; };
		6754281C19A020EC00F1E674 /* AppDelegate.swift */ = {isa = PBXFileReference; fileEncoding = 4; lastKnownFileType = sourcecode.swift; path = AppDelegate.swift; sourceTree = "<group>"; };
		6754282419A0210200F1E674 /* Base */ = {isa = PBXFileReference; lastKnownFileType = file.storyboard; name = Base; path = Base.lproj/Main.storyboard; sourceTree = "<group>"; };
		6754282519A0210200F1E674 /* Images.xcassets */ = {isa = PBXFileReference; lastKnownFileType = folder.assetcatalog; path = Images.xcassets; sourceTree = "<group>"; };
		6754282619A0210200F1E674 /* Info.plist */ = {isa = PBXFileReference; fileEncoding = 4; lastKnownFileType = text.plist.xml; path = Info.plist; sourceTree = "<group>"; };
		6754282B19A0213A00F1E674 /* ApiConfiguration.swift */ = {isa = PBXFileReference; fileEncoding = 4; lastKnownFileType = sourcecode.swift; name = ApiConfiguration.swift; path = Api/ApiConfiguration.swift; sourceTree = "<group>"; };
		6754282E19A021AC00F1E674 /* libsqlite3.0.dylib */ = {isa = PBXFileReference; lastKnownFileType = "compiled.mach-o.dylib"; name = libsqlite3.0.dylib; path = usr/lib/libsqlite3.0.dylib; sourceTree = SDKROOT; };
		6754283919A0246000F1E674 /* HeroDatasource.swift */ = {isa = PBXFileReference; fileEncoding = 4; lastKnownFileType = sourcecode.swift; name = HeroDatasource.swift; path = Datasource/HeroDatasource.swift; sourceTree = "<group>"; };
		6754283D19A0250300F1E674 /* Hero.swift */ = {isa = PBXFileReference; fileEncoding = 4; lastKnownFileType = sourcecode.swift; name = Hero.swift; path = Model/Hero/Hero.swift; sourceTree = "<group>"; };
		6754284019A0274C00F1E674 /* HeroListCell.swift */ = {isa = PBXFileReference; fileEncoding = 4; lastKnownFileType = sourcecode.swift; name = HeroListCell.swift; path = Hero/List/Cell/HeroListCell.swift; sourceTree = "<group>"; };
		6754284419A02EA900F1E674 /* Constant.swift */ = {isa = PBXFileReference; fileEncoding = 4; lastKnownFileType = sourcecode.swift; path = Constant.swift; sourceTree = "<group>"; };
		675CEC9719A0368E0066796A /* SystemConfiguration.framework */ = {isa = PBXFileReference; lastKnownFileType = wrapper.framework; name = SystemConfiguration.framework; path = System/Library/Frameworks/SystemConfiguration.framework; sourceTree = SDKROOT; };
		675CEC9919A064C50066796A /* HeroListTableViewController.swift */ = {isa = PBXFileReference; fileEncoding = 4; lastKnownFileType = sourcecode.swift; name = HeroListTableViewController.swift; path = Hero/List/HeroListTableViewController.swift; sourceTree = "<group>"; };
		675CEC9D19A066D90066796A /* Storyboard.storyboard */ = {isa = PBXFileReference; fileEncoding = 4; lastKnownFileType = file.storyboard; path = Storyboard.storyboard; sourceTree = "<group>"; };
		675CECA019A0753A0066796A /* Comic.swift */ = {isa = PBXFileReference; fileEncoding = 4; lastKnownFileType = sourcecode.swift; name = Comic.swift; path = Model/Comic/Comic.swift; sourceTree = "<group>"; };
		675CECA319A076C70066796A /* Item.swift */ = {isa = PBXFileReference; fileEncoding = 4; lastKnownFileType = sourcecode.swift; name = Item.swift; path = Model/Item/Item.swift; sourceTree = "<group>"; };
		675CECA619A077870066796A /* Serie.swift */ = {isa = PBXFileReference; fileEncoding = 4; lastKnownFileType = sourcecode.swift; name = Serie.swift; path = Model/Serie/Serie.swift; sourceTree = "<group>"; };
		675CECA919A078670066796A /* Story.swift */ = {isa = PBXFileReference; fileEncoding = 4; lastKnownFileType = sourcecode.swift; name = Story.swift; path = Model/Story/Story.swift; sourceTree = "<group>"; };
		675CECAC19A0791C0066796A /* Event.swift */ = {isa = PBXFileReference; fileEncoding = 4; lastKnownFileType = sourcecode.swift; name = Event.swift; path = Model/Event/Event.swift; sourceTree = "<group>"; };
		675CECAF19A079930066796A /* Url.swift */ = {isa = PBXFileReference; fileEncoding = 4; lastKnownFileType = sourcecode.swift; name = Url.swift; path = Model/Url/Url.swift; sourceTree = "<group>"; };
		675CECB219A145DC0066796A /* Inflector.swift */ = {isa = PBXFileReference; fileEncoding = 4; lastKnownFileType = sourcecode.swift; name = Inflector.swift; path = Inflector/Inflector.swift; sourceTree = "<group>"; };
		675CECB619A146290066796A /* InflectorRule.swift */ = {isa = PBXFileReference; fileEncoding = 4; lastKnownFileType = sourcecode.swift; name = InflectorRule.swift; path = Inflector/Rule/InflectorRule.swift; sourceTree = "<group>"; };
		675CECB919A147BA0066796A /* Inflector.plist */ = {isa = PBXFileReference; lastKnownFileType = text.plist; name = Inflector.plist; path = Inflector/Inflector.plist; sourceTree = "<group>"; };
		67749E1219A154F600B425AB /* Extension.swift */ = {isa = PBXFileReference; fileEncoding = 4; lastKnownFileType = sourcecode.swift; name = Extension.swift; path = Extension/Extension.swift; sourceTree = "<group>"; };
/* End PBXFileReference section */

/* Begin PBXFrameworksBuildPhase section */
		674FD8DD19A01DF500B6B9B3 /* Frameworks */ = {
			isa = PBXFrameworksBuildPhase;
			buildActionMask = 2147483647;
			files = (
				675CEC9819A0368E0066796A /* SystemConfiguration.framework in Frameworks */,
				6754282F19A021AC00F1E674 /* libsqlite3.0.dylib in Frameworks */,
			);
			runOnlyForDeploymentPostprocessing = 0;
		};
		674FD8EF19A01DF500B6B9B3 /* Frameworks */ = {
			isa = PBXFrameworksBuildPhase;
			buildActionMask = 2147483647;
			files = (
			);
			runOnlyForDeploymentPostprocessing = 0;
		};
/* End PBXFrameworksBuildPhase section */

/* Begin PBXGroup section */
		674FD8D719A01DF400B6B9B3 = {
			isa = PBXGroup;
			children = (
				675CEC9D19A066D90066796A /* Storyboard.storyboard */,
				6754281A19A020EC00F1E674 /* App */,
				674FD8F519A01DF500B6B9B3 /* ExampleTests */,
				6754282D19A0219600F1E674 /* Framework */,
				674FD90219A01FCF00B6B9B3 /* NGeen */,
				674FD8E119A01DF500B6B9B3 /* Products */,
				6754282219A0210200F1E674 /* Project */,
			);
			sourceTree = "<group>";
		};
		674FD8E119A01DF500B6B9B3 /* Products */ = {
			isa = PBXGroup;
			children = (
				674FD8E019A01DF500B6B9B3 /* Example.app */,
				674FD8F219A01DF500B6B9B3 /* ExampleTests.xctest */,
			);
			name = Products;
			sourceTree = "<group>";
		};
		674FD8F519A01DF500B6B9B3 /* ExampleTests */ = {
			isa = PBXGroup;
			children = (
				674FD8F819A01DF500B6B9B3 /* ExampleTests.swift */,
				674FD8F619A01DF500B6B9B3 /* Supporting Files */,
			);
			path = ExampleTests;
			sourceTree = "<group>";
		};
		674FD8F619A01DF500B6B9B3 /* Supporting Files */ = {
			isa = PBXGroup;
			children = (
				674FD8F719A01DF500B6B9B3 /* Info.plist */,
			);
			name = "Supporting Files";
			sourceTree = "<group>";
		};
		674FD90219A01FCF00B6B9B3 /* NGeen */ = {
			isa = PBXGroup;
			children = (
				674FD90319A01FCF00B6B9B3 /* Base */,
				674FD90B19A01FCF00B6B9B3 /* Cache */,
				674FD91119A01FCF00B6B9B3 /* Model */,
				674FD91319A01FCF00B6B9B3 /* Network */,
				674FD92019A01FCF00B6B9B3 /* Query */,
				674FD92319A01FCF00B6B9B3 /* Resource */,
				674FD92819A01FCF00B6B9B3 /* Store */,
			);
			name = NGeen;
			path = ../NGeen;
			sourceTree = "<group>";
		};
		674FD90319A01FCF00B6B9B3 /* Base */ = {
			isa = PBXGroup;
			children = (
				674FD90419A01FCF00B6B9B3 /* Constants */,
				674FD90619A01FCF00B6B9B3 /* DataTypes */,
				67749E1119A154C600B425AB /* Extension */,
				675CECB119A145920066796A /* Inflector */,
				674FD90819A01FCF00B6B9B3 /* NGeen-Bridging-Header.h */,
				674FD90919A01FCF00B6B9B3 /* Protocols */,
			);
			path = Base;
			sourceTree = "<group>";
		};
		674FD90419A01FCF00B6B9B3 /* Constants */ = {
			isa = PBXGroup;
			children = (
				674FD90519A01FCF00B6B9B3 /* Constants.swift */,
			);
			path = Constants;
			sourceTree = "<group>";
		};
		674FD90619A01FCF00B6B9B3 /* DataTypes */ = {
			isa = PBXGroup;
			children = (
				674FD90719A01FCF00B6B9B3 /* DataTypes.swift */,
			);
			path = DataTypes;
			sourceTree = "<group>";
		};
		674FD90919A01FCF00B6B9B3 /* Protocols */ = {
			isa = PBXGroup;
			children = (
				674FD90A19A01FCF00B6B9B3 /* Protocols.swift */,
			);
			path = Protocols;
			sourceTree = "<group>";
		};
		674FD90B19A01FCF00B6B9B3 /* Cache */ = {
			isa = PBXGroup;
			children = (
				674FD90C19A01FCF00B6B9B3 /* Cache.swift */,
				674FD90D19A01FCF00B6B9B3 /* DiskCache */,
				674FD90F19A01FCF00B6B9B3 /* Entity */,
			);
			path = Cache;
			sourceTree = "<group>";
		};
		674FD90D19A01FCF00B6B9B3 /* DiskCache */ = {
			isa = PBXGroup;
			children = (
				674FD90E19A01FCF00B6B9B3 /* DiskCache.swift */,
			);
			path = DiskCache;
			sourceTree = "<group>";
		};
		674FD90F19A01FCF00B6B9B3 /* Entity */ = {
			isa = PBXGroup;
			children = (
				674FD91019A01FCF00B6B9B3 /* CacheEntity.swift */,
			);
			path = Entity;
			sourceTree = "<group>";
		};
		674FD91119A01FCF00B6B9B3 /* Model */ = {
			isa = PBXGroup;
			children = (
				674FD91219A01FCF00B6B9B3 /* Model.swift */,
			);
			path = Model;
			sourceTree = "<group>";
		};
		674FD91319A01FCF00B6B9B3 /* Network */ = {
			isa = PBXGroup;
			children = (
				674FD91419A01FCF00B6B9B3 /* Security */,
				674FD91619A01FCF00B6B9B3 /* Serializer */,
				674FD91B19A01FCF00B6B9B3 /* Session */,
			);
			path = Network;
			sourceTree = "<group>";
		};
		674FD91419A01FCF00B6B9B3 /* Security */ = {
			isa = PBXGroup;
			children = (
				674FD91519A01FCF00B6B9B3 /* SecurityPolicy.swift */,
			);
			path = Security;
			sourceTree = "<group>";
		};
		674FD91619A01FCF00B6B9B3 /* Serializer */ = {
			isa = PBXGroup;
			children = (
				674FD91719A01FCF00B6B9B3 /* Request */,
				674FD91919A01FCF00B6B9B3 /* Response */,
			);
			path = Serializer;
			sourceTree = "<group>";
		};
		674FD91719A01FCF00B6B9B3 /* Request */ = {
			isa = PBXGroup;
			children = (
				674FD91819A01FCF00B6B9B3 /* RequestSerializer.swift */,
			);
			path = Request;
			sourceTree = "<group>";
		};
		674FD91919A01FCF00B6B9B3 /* Response */ = {
			isa = PBXGroup;
			children = (
				674FD91A19A01FCF00B6B9B3 /* ResponseSerializer.swift */,
			);
			path = Response;
			sourceTree = "<group>";
		};
		674FD91B19A01FCF00B6B9B3 /* Session */ = {
			isa = PBXGroup;
			children = (
				674FD91C19A01FCF00B6B9B3 /* SessionManager.swift */,
				674FD91D19A01FCF00B6B9B3 /* Task */,
			);
			path = Session;
			sourceTree = "<group>";
		};
		674FD91D19A01FCF00B6B9B3 /* Task */ = {
			isa = PBXGroup;
			children = (
				674FD91E19A01FCF00B6B9B3 /* Delegate */,
			);
			path = Task;
			sourceTree = "<group>";
		};
		674FD91E19A01FCF00B6B9B3 /* Delegate */ = {
			isa = PBXGroup;
			children = (
				674FD91F19A01FCF00B6B9B3 /* SessionTaskDelegate.swift */,
			);
			path = Delegate;
			sourceTree = "<group>";
		};
		674FD92019A01FCF00B6B9B3 /* Query */ = {
			isa = PBXGroup;
			children = (
				674FD92119A01FCF00B6B9B3 /* Api */,
			);
			path = Query;
			sourceTree = "<group>";
		};
		674FD92119A01FCF00B6B9B3 /* Api */ = {
			isa = PBXGroup;
			children = (
				674FD92219A01FCF00B6B9B3 /* ApiQuery.swift */,
			);
			path = Api;
			sourceTree = "<group>";
		};
		674FD92319A01FCF00B6B9B3 /* Resource */ = {
			isa = PBXGroup;
			children = (
				674FD92419A01FCF00B6B9B3 /* Certificate */,
			);
			path = Resource;
			sourceTree = "<group>";
		};
		674FD92419A01FCF00B6B9B3 /* Certificate */ = {
			isa = PBXGroup;
			children = (
				674FD92519A01FCF00B6B9B3 /* foo.cer */,
				674FD92619A01FCF00B6B9B3 /* foobar.com.cer */,
				674FD92719A01FCF00B6B9B3 /* NoDomains.cer */,
			);
			path = Certificate;
			sourceTree = "<group>";
		};
		674FD92819A01FCF00B6B9B3 /* Store */ = {
			isa = PBXGroup;
			children = (
				674FD92919A01FCF00B6B9B3 /* Api */,
				674FD92F19A01FCF00B6B9B3 /* DataBase */,
			);
			path = Store;
			sourceTree = "<group>";
		};
		674FD92919A01FCF00B6B9B3 /* Api */ = {
			isa = PBXGroup;
			children = (
				674FD92A19A01FCF00B6B9B3 /* ApiStore.swift */,
				674FD92B19A01FCF00B6B9B3 /* Configuration */,
				674FD92D19A01FCF00B6B9B3 /* Endpoint */,
			);
			path = Api;
			sourceTree = "<group>";
		};
		674FD92B19A01FCF00B6B9B3 /* Configuration */ = {
			isa = PBXGroup;
			children = (
				674FD92C19A01FCF00B6B9B3 /* ApiStoreConfiguration.swift */,
			);
			path = Configuration;
			sourceTree = "<group>";
		};
		674FD92D19A01FCF00B6B9B3 /* Endpoint */ = {
			isa = PBXGroup;
			children = (
				674FD92E19A01FCF00B6B9B3 /* ApiEndpoint.swift */,
			);
			path = Endpoint;
			sourceTree = "<group>";
		};
		674FD92F19A01FCF00B6B9B3 /* DataBase */ = {
			isa = PBXGroup;
			children = (
				674FD93019A01FCF00B6B9B3 /* DataBaseStore.swift */,
			);
			path = DataBase;
			sourceTree = "<group>";
		};
		6754281A19A020EC00F1E674 /* App */ = {
			isa = PBXGroup;
			children = (
				6754281B19A020EC00F1E674 /* Base */,
				6754281D19A020EC00F1E674 /* Configuration */,
				6754283719A0243500F1E674 /* Datasource */,
				6754283B19A024CD00F1E674 /* Model */,
				6754281E19A020EC00F1E674 /* ViewController */,
			);
			path = App;
			sourceTree = SOURCE_ROOT;
		};
		6754281B19A020EC00F1E674 /* Base */ = {
			isa = PBXGroup;
			children = (
				6754281C19A020EC00F1E674 /* AppDelegate.swift */,
			);
			path = Base;
			sourceTree = "<group>";
		};
		6754281D19A020EC00F1E674 /* Configuration */ = {
			isa = PBXGroup;
			children = (
				6754282A19A0211600F1E674 /* Api */,
				6754284419A02EA900F1E674 /* Constant.swift */,
			);
			path = Configuration;
			sourceTree = "<group>";
		};
		6754281E19A020EC00F1E674 /* ViewController */ = {
			isa = PBXGroup;
			children = (
				6754283119A0238F00F1E674 /* Hero */,
			);
			path = ViewController;
			sourceTree = "<group>";
		};
		6754282219A0210200F1E674 /* Project */ = {
			isa = PBXGroup;
			children = (
				6754282319A0210200F1E674 /* Main.storyboard */,
				6754282519A0210200F1E674 /* Images.xcassets */,
				6754282619A0210200F1E674 /* Info.plist */,
			);
			path = Project;
			sourceTree = "<group>";
		};
		6754282A19A0211600F1E674 /* Api */ = {
			isa = PBXGroup;
			children = (
				6754282B19A0213A00F1E674 /* ApiConfiguration.swift */,
			);
			name = Api;
			sourceTree = "<group>";
		};
		6754282D19A0219600F1E674 /* Framework */ = {
			isa = PBXGroup;
			children = (
				675CEC9719A0368E0066796A /* SystemConfiguration.framework */,
				6754282E19A021AC00F1E674 /* libsqlite3.0.dylib */,
			);
			path = Framework;
			sourceTree = "<group>";
		};
		6754283119A0238F00F1E674 /* Hero */ = {
			isa = PBXGroup;
			children = (
				6754283219A0239E00F1E674 /* List */,
			);
			name = Hero;
			sourceTree = "<group>";
		};
		6754283219A0239E00F1E674 /* List */ = {
			isa = PBXGroup;
			children = (
				6754283F19A0272B00F1E674 /* Cell */,
				675CEC9919A064C50066796A /* HeroListTableViewController.swift */,
			);
			name = List;
			sourceTree = "<group>";
		};
		6754283719A0243500F1E674 /* Datasource */ = {
			isa = PBXGroup;
			children = (
				6754283819A0244300F1E674 /* Hero */,
			);
			name = Datasource;
			sourceTree = "<group>";
		};
		6754283819A0244300F1E674 /* Hero */ = {
			isa = PBXGroup;
			children = (
				6754283919A0246000F1E674 /* HeroDatasource.swift */,
			);
			name = Hero;
			sourceTree = "<group>";
		};
		6754283B19A024CD00F1E674 /* Model */ = {
			isa = PBXGroup;
			children = (
				675CEC9F19A0750F0066796A /* Comic */,
				675CECAB19A078FA0066796A /* Event */,
				6754283C19A024E000F1E674 /* Hero */,
				675CECA219A076B40066796A /* Item */,
				675CECA519A077640066796A /* Serie */,
				675CECA819A0784D0066796A /* Story */,
				675CECAE19A079690066796A /* Url */,
			);
			name = Model;
			sourceTree = "<group>";
		};
		6754283C19A024E000F1E674 /* Hero */ = {
			isa = PBXGroup;
			children = (
				6754283D19A0250300F1E674 /* Hero.swift */,
			);
			name = Hero;
			sourceTree = "<group>";
		};
		6754283F19A0272B00F1E674 /* Cell */ = {
			isa = PBXGroup;
			children = (
				6754284019A0274C00F1E674 /* HeroListCell.swift */,
			);
			name = Cell;
			sourceTree = "<group>";
		};
		675CEC9F19A0750F0066796A /* Comic */ = {
			isa = PBXGroup;
			children = (
				675CECA019A0753A0066796A /* Comic.swift */,
			);
			name = Comic;
			sourceTree = "<group>";
		};
		675CECA219A076B40066796A /* Item */ = {
			isa = PBXGroup;
			children = (
				675CECA319A076C70066796A /* Item.swift */,
			);
			name = Item;
			sourceTree = "<group>";
		};
		675CECA519A077640066796A /* Serie */ = {
			isa = PBXGroup;
			children = (
				675CECA619A077870066796A /* Serie.swift */,
			);
			name = Serie;
			sourceTree = "<group>";
		};
		675CECA819A0784D0066796A /* Story */ = {
			isa = PBXGroup;
			children = (
				675CECA919A078670066796A /* Story.swift */,
			);
			name = Story;
			sourceTree = "<group>";
		};
		675CECAB19A078FA0066796A /* Event */ = {
			isa = PBXGroup;
			children = (
				675CECAC19A0791C0066796A /* Event.swift */,
			);
			name = Event;
			sourceTree = "<group>";
		};
		675CECAE19A079690066796A /* Url */ = {
			isa = PBXGroup;
			children = (
				675CECAF19A079930066796A /* Url.swift */,
			);
			name = Url;
			sourceTree = "<group>";
		};
		675CECB119A145920066796A /* Inflector */ = {
			isa = PBXGroup;
			children = (
				675CECB519A1460E0066796A /* Rule */,
				675CECB919A147BA0066796A /* Inflector.plist */,
				675CECB219A145DC0066796A /* Inflector.swift */,
			);
			name = Inflector;
			sourceTree = "<group>";
		};
		675CECB519A1460E0066796A /* Rule */ = {
			isa = PBXGroup;
			children = (
				675CECB619A146290066796A /* InflectorRule.swift */,
			);
			name = Rule;
			sourceTree = "<group>";
		};
		67749E1119A154C600B425AB /* Extension */ = {
			isa = PBXGroup;
			children = (
				67749E1219A154F600B425AB /* Extension.swift */,
			);
			name = Extension;
			sourceTree = "<group>";
		};
/* End PBXGroup section */

/* Begin PBXNativeTarget section */
		674FD8DF19A01DF500B6B9B3 /* Example */ = {
			isa = PBXNativeTarget;
			buildConfigurationList = 674FD8FC19A01DF500B6B9B3 /* Build configuration list for PBXNativeTarget "Example" */;
			buildPhases = (
				674FD8DC19A01DF500B6B9B3 /* Sources */,
				674FD8DD19A01DF500B6B9B3 /* Frameworks */,
				674FD8DE19A01DF500B6B9B3 /* Resources */,
			);
			buildRules = (
			);
			dependencies = (
			);
			name = Example;
			productName = Example;
			productReference = 674FD8E019A01DF500B6B9B3 /* Example.app */;
			productType = "com.apple.product-type.application";
		};
		674FD8F119A01DF500B6B9B3 /* ExampleTests */ = {
			isa = PBXNativeTarget;
			buildConfigurationList = 674FD8FF19A01DF500B6B9B3 /* Build configuration list for PBXNativeTarget "ExampleTests" */;
			buildPhases = (
				674FD8EE19A01DF500B6B9B3 /* Sources */,
				674FD8EF19A01DF500B6B9B3 /* Frameworks */,
				674FD8F019A01DF500B6B9B3 /* Resources */,
			);
			buildRules = (
			);
			dependencies = (
				674FD8F419A01DF500B6B9B3 /* PBXTargetDependency */,
			);
			name = ExampleTests;
			productName = ExampleTests;
			productReference = 674FD8F219A01DF500B6B9B3 /* ExampleTests.xctest */;
			productType = "com.apple.product-type.bundle.unit-test";
		};
/* End PBXNativeTarget section */

/* Begin PBXProject section */
		674FD8D819A01DF400B6B9B3 /* Project object */ = {
			isa = PBXProject;
			attributes = {
				LastUpgradeCheck = 0600;
				ORGANIZATIONNAME = NGeen;
				TargetAttributes = {
					674FD8DF19A01DF500B6B9B3 = {
						CreatedOnToolsVersion = 6.0;
					};
					674FD8F119A01DF500B6B9B3 = {
						CreatedOnToolsVersion = 6.0;
						TestTargetID = 674FD8DF19A01DF500B6B9B3;
					};
				};
			};
			buildConfigurationList = 674FD8DB19A01DF400B6B9B3 /* Build configuration list for PBXProject "Example" */;
			compatibilityVersion = "Xcode 3.2";
			developmentRegion = English;
			hasScannedForEncodings = 0;
			knownRegions = (
				en,
				Base,
			);
			mainGroup = 674FD8D719A01DF400B6B9B3;
			productRefGroup = 674FD8E119A01DF500B6B9B3 /* Products */;
			projectDirPath = "";
			projectRoot = "";
			targets = (
				674FD8DF19A01DF500B6B9B3 /* Example */,
				674FD8F119A01DF500B6B9B3 /* ExampleTests */,
			);
		};
/* End PBXProject section */

/* Begin PBXResourcesBuildPhase section */
		674FD8DE19A01DF500B6B9B3 /* Resources */ = {
			isa = PBXResourcesBuildPhase;
			buildActionMask = 2147483647;
			files = (
				674FD93F19A01FCF00B6B9B3 /* foobar.com.cer in Resources */,
				6754282819A0210200F1E674 /* Images.xcassets in Resources */,
				674FD93E19A01FCF00B6B9B3 /* foo.cer in Resources */,
				674FD94019A01FCF00B6B9B3 /* NoDomains.cer in Resources */,
				675CECBA19A147BA0066796A /* Inflector.plist in Resources */,
				675CEC9E19A066D90066796A /* Storyboard.storyboard in Resources */,
				6754282719A0210200F1E674 /* Main.storyboard in Resources */,
			);
			runOnlyForDeploymentPostprocessing = 0;
		};
		674FD8F019A01DF500B6B9B3 /* Resources */ = {
			isa = PBXResourcesBuildPhase;
			buildActionMask = 2147483647;
			files = (
				675CECBB19A147BA0066796A /* Inflector.plist in Resources */,
			);
			runOnlyForDeploymentPostprocessing = 0;
		};
/* End PBXResourcesBuildPhase section */

/* Begin PBXSourcesBuildPhase section */
		674FD8DC19A01DF500B6B9B3 /* Sources */ = {
			isa = PBXSourcesBuildPhase;
			buildActionMask = 2147483647;
			files = (
				674FD94419A01FCF00B6B9B3 /* DataBaseStore.swift in Sources */,
				6754282C19A0213A00F1E674 /* ApiConfiguration.swift in Sources */,
				674FD94119A01FCF00B6B9B3 /* ApiStore.swift in Sources */,
				674FD93D19A01FCF00B6B9B3 /* ApiQuery.swift in Sources */,
				674FD94219A01FCF00B6B9B3 /* ApiStoreConfiguration.swift in Sources */,
				674FD93719A01FCF00B6B9B3 /* Model.swift in Sources */,
				674FD93319A01FCF00B6B9B3 /* Protocols.swift in Sources */,
				675CECAA19A078670066796A /* Story.swift in Sources */,
				6754283A19A0246000F1E674 /* HeroDatasource.swift in Sources */,
				674FD93919A01FCF00B6B9B3 /* RequestSerializer.swift in Sources */,
				6754284219A0274C00F1E674 /* HeroListCell.swift in Sources */,
				6754284519A02EA900F1E674 /* Constant.swift in Sources */,
				675CECB719A146290066796A /* InflectorRule.swift in Sources */,
				674FD93819A01FCF00B6B9B3 /* SecurityPolicy.swift in Sources */,
				674FD93219A01FCF00B6B9B3 /* DataTypes.swift in Sources */,
				67749E1319A154F600B425AB /* Extension.swift in Sources */,
				674FD93419A01FCF00B6B9B3 /* Cache.swift in Sources */,
				674FD93C19A01FCF00B6B9B3 /* SessionTaskDelegate.swift in Sources */,
				675CEC9B19A064C50066796A /* HeroListTableViewController.swift in Sources */,
				674FD93A19A01FCF00B6B9B3 /* ResponseSerializer.swift in Sources */,
				675CECA119A0753A0066796A /* Comic.swift in Sources */,
				675CECB019A079930066796A /* Url.swift in Sources */,
				675CECAD19A0791C0066796A /* Event.swift in Sources */,
				6754282019A020EC00F1E674 /* AppDelegate.swift in Sources */,
				674FD93619A01FCF00B6B9B3 /* CacheEntity.swift in Sources */,
				675CECA419A076C70066796A /* Item.swift in Sources */,
				675CECB319A145DC0066796A /* Inflector.swift in Sources */,
				6754283E19A0250300F1E674 /* Hero.swift in Sources */,
				674FD93519A01FCF00B6B9B3 /* DiskCache.swift in Sources */,
				675CECA719A077870066796A /* Serie.swift in Sources */,
				674FD93119A01FCF00B6B9B3 /* Constants.swift in Sources */,
				674FD93B19A01FCF00B6B9B3 /* SessionManager.swift in Sources */,
				674FD94319A01FCF00B6B9B3 /* ApiEndpoint.swift in Sources */,
			);
			runOnlyForDeploymentPostprocessing = 0;
		};
		674FD8EE19A01DF500B6B9B3 /* Sources */ = {
			isa = PBXSourcesBuildPhase;
			buildActionMask = 2147483647;
			files = (
				675CECB819A146290066796A /* InflectorRule.swift in Sources */,
				675CECB419A145DC0066796A /* Inflector.swift in Sources */,
				674FD8F919A01DF500B6B9B3 /* ExampleTests.swift in Sources */,
			);
			runOnlyForDeploymentPostprocessing = 0;
		};
/* End PBXSourcesBuildPhase section */

/* Begin PBXTargetDependency section */
		674FD8F419A01DF500B6B9B3 /* PBXTargetDependency */ = {
			isa = PBXTargetDependency;
			target = 674FD8DF19A01DF500B6B9B3 /* Example */;
			targetProxy = 674FD8F319A01DF500B6B9B3 /* PBXContainerItemProxy */;
		};
/* End PBXTargetDependency section */

/* Begin PBXVariantGroup section */
		6754282319A0210200F1E674 /* Main.storyboard */ = {
			isa = PBXVariantGroup;
			children = (
				6754282419A0210200F1E674 /* Base */,
			);
			name = Main.storyboard;
			sourceTree = "<group>";
		};
/* End PBXVariantGroup section */

/* Begin XCBuildConfiguration section */
		674FD8FA19A01DF500B6B9B3 /* Debug */ = {
			isa = XCBuildConfiguration;
			buildSettings = {
				ALWAYS_SEARCH_USER_PATHS = NO;
				CLANG_CXX_LANGUAGE_STANDARD = "gnu++0x";
				CLANG_CXX_LIBRARY = "libc++";
				CLANG_ENABLE_MODULES = YES;
				CLANG_ENABLE_OBJC_ARC = YES;
				CLANG_WARN_BOOL_CONVERSION = YES;
				CLANG_WARN_CONSTANT_CONVERSION = YES;
				CLANG_WARN_DIRECT_OBJC_ISA_USAGE = YES_ERROR;
				CLANG_WARN_EMPTY_BODY = YES;
				CLANG_WARN_ENUM_CONVERSION = YES;
				CLANG_WARN_INT_CONVERSION = YES;
				CLANG_WARN_OBJC_ROOT_CLASS = YES_ERROR;
				CLANG_WARN_UNREACHABLE_CODE = YES;
				CLANG_WARN__DUPLICATE_METHOD_MATCH = YES;
				"CODE_SIGN_IDENTITY[sdk=iphoneos*]" = "iPhone Developer";
				COPY_PHASE_STRIP = NO;
				ENABLE_STRICT_OBJC_MSGSEND = YES;
				GCC_C_LANGUAGE_STANDARD = gnu99;
				GCC_DYNAMIC_NO_PIC = NO;
				GCC_OPTIMIZATION_LEVEL = 0;
				GCC_PREPROCESSOR_DEFINITIONS = (
					"DEBUG=1",
					"$(inherited)",
				);
				GCC_SYMBOLS_PRIVATE_EXTERN = NO;
				GCC_WARN_64_TO_32_BIT_CONVERSION = YES;
				GCC_WARN_ABOUT_RETURN_TYPE = YES_ERROR;
				GCC_WARN_UNDECLARED_SELECTOR = YES;
				GCC_WARN_UNINITIALIZED_AUTOS = YES_AGGRESSIVE;
				GCC_WARN_UNUSED_FUNCTION = YES;
				GCC_WARN_UNUSED_VARIABLE = YES;
				INFOPLIST_FILE = Project/Info.plist;
				IPHONEOS_DEPLOYMENT_TARGET = 8.0;
				MTL_ENABLE_DEBUG_INFO = YES;
				ONLY_ACTIVE_ARCH = YES;
				SDKROOT = iphoneos;
				SWIFT_OPTIMIZATION_LEVEL = "-Onone";
			};
			name = Debug;
		};
		674FD8FB19A01DF500B6B9B3 /* Release */ = {
			isa = XCBuildConfiguration;
			buildSettings = {
				ALWAYS_SEARCH_USER_PATHS = NO;
				CLANG_CXX_LANGUAGE_STANDARD = "gnu++0x";
				CLANG_CXX_LIBRARY = "libc++";
				CLANG_ENABLE_MODULES = YES;
				CLANG_ENABLE_OBJC_ARC = YES;
				CLANG_WARN_BOOL_CONVERSION = YES;
				CLANG_WARN_CONSTANT_CONVERSION = YES;
				CLANG_WARN_DIRECT_OBJC_ISA_USAGE = YES_ERROR;
				CLANG_WARN_EMPTY_BODY = YES;
				CLANG_WARN_ENUM_CONVERSION = YES;
				CLANG_WARN_INT_CONVERSION = YES;
				CLANG_WARN_OBJC_ROOT_CLASS = YES_ERROR;
				CLANG_WARN_UNREACHABLE_CODE = YES;
				CLANG_WARN__DUPLICATE_METHOD_MATCH = YES;
				"CODE_SIGN_IDENTITY[sdk=iphoneos*]" = "iPhone Developer";
				COPY_PHASE_STRIP = YES;
				ENABLE_NS_ASSERTIONS = NO;
				ENABLE_STRICT_OBJC_MSGSEND = YES;
				GCC_C_LANGUAGE_STANDARD = gnu99;
				GCC_WARN_64_TO_32_BIT_CONVERSION = YES;
				GCC_WARN_ABOUT_RETURN_TYPE = YES_ERROR;
				GCC_WARN_UNDECLARED_SELECTOR = YES;
				GCC_WARN_UNINITIALIZED_AUTOS = YES_AGGRESSIVE;
				GCC_WARN_UNUSED_FUNCTION = YES;
				GCC_WARN_UNUSED_VARIABLE = YES;
				INFOPLIST_FILE = Project/Info.plist;
				IPHONEOS_DEPLOYMENT_TARGET = 8.0;
				MTL_ENABLE_DEBUG_INFO = NO;
				SDKROOT = iphoneos;
				VALIDATE_PRODUCT = YES;
			};
			name = Release;
		};
		674FD8FD19A01DF500B6B9B3 /* Debug */ = {
			isa = XCBuildConfiguration;
			buildSettings = {
				ASSETCATALOG_COMPILER_APPICON_NAME = AppIcon;
				ASSETCATALOG_COMPILER_LAUNCHIMAGE_NAME = LaunchImage;
				INFOPLIST_FILE = Project/Info.plist;
				LD_RUNPATH_SEARCH_PATHS = "$(inherited) @executable_path/Frameworks";
				LIBRARY_SEARCH_PATHS = (
					"$(inherited)",
					"$(SDKROOT)/usr/lib/system",
				);
				PRODUCT_NAME = "$(TARGET_NAME)";
				SWIFT_OBJC_BRIDGING_HEADER = "$(SRCROOT)/App/Base/NGeen-Bridging-Header.h";
			};
			name = Debug;
		};
		674FD8FE19A01DF500B6B9B3 /* Release */ = {
			isa = XCBuildConfiguration;
			buildSettings = {
				ASSETCATALOG_COMPILER_APPICON_NAME = AppIcon;
				ASSETCATALOG_COMPILER_LAUNCHIMAGE_NAME = LaunchImage;
				INFOPLIST_FILE = Project/Info.plist;
				LD_RUNPATH_SEARCH_PATHS = "$(inherited) @executable_path/Frameworks";
				LIBRARY_SEARCH_PATHS = (
					"$(inherited)",
					"$(SDKROOT)/usr/lib/system",
				);
				PRODUCT_NAME = "$(TARGET_NAME)";
				SWIFT_OBJC_BRIDGING_HEADER = "$(SRCROOT)/App/Base/NGeen-Bridging-Header.h";
			};
			name = Release;
		};
		674FD90019A01DF500B6B9B3 /* Debug */ = {
			isa = XCBuildConfiguration;
			buildSettings = {
				BUNDLE_LOADER = "$(TEST_HOST)";
				FRAMEWORK_SEARCH_PATHS = (
					"$(SDKROOT)/Developer/Library/Frameworks",
					"$(inherited)",
				);
				GCC_PREPROCESSOR_DEFINITIONS = (
					"DEBUG=1",
					"$(inherited)",
				);
				INFOPLIST_FILE = ExampleTests/Info.plist;
				LD_RUNPATH_SEARCH_PATHS = "$(inherited) @executable_path/Frameworks @loader_path/Frameworks";
				PRODUCT_NAME = "$(TARGET_NAME)";
				TEST_HOST = "$(BUILT_PRODUCTS_DIR)/Example.app/Example";
			};
			name = Debug;
		};
		674FD90119A01DF500B6B9B3 /* Release */ = {
			isa = XCBuildConfiguration;
			buildSettings = {
				BUNDLE_LOADER = "$(TEST_HOST)";
				FRAMEWORK_SEARCH_PATHS = (
					"$(SDKROOT)/Developer/Library/Frameworks",
					"$(inherited)",
				);
				INFOPLIST_FILE = ExampleTests/Info.plist;
				LD_RUNPATH_SEARCH_PATHS = "$(inherited) @executable_path/Frameworks @loader_path/Frameworks";
				PRODUCT_NAME = "$(TARGET_NAME)";
				TEST_HOST = "$(BUILT_PRODUCTS_DIR)/Example.app/Example";
			};
			name = Release;
		};
/* End XCBuildConfiguration section */

/* Begin XCConfigurationList section */
		674FD8DB19A01DF400B6B9B3 /* Build configuration list for PBXProject "Example" */ = {
			isa = XCConfigurationList;
			buildConfigurations = (
				674FD8FA19A01DF500B6B9B3 /* Debug */,
				674FD8FB19A01DF500B6B9B3 /* Release */,
			);
			defaultConfigurationIsVisible = 0;
			defaultConfigurationName = Release;
		};
		674FD8FC19A01DF500B6B9B3 /* Build configuration list for PBXNativeTarget "Example" */ = {
			isa = XCConfigurationList;
			buildConfigurations = (
				674FD8FD19A01DF500B6B9B3 /* Debug */,
				674FD8FE19A01DF500B6B9B3 /* Release */,
			);
			defaultConfigurationIsVisible = 0;
			defaultConfigurationName = Release;
		};
		674FD8FF19A01DF500B6B9B3 /* Build configuration list for PBXNativeTarget "ExampleTests" */ = {
			isa = XCConfigurationList;
			buildConfigurations = (
				674FD90019A01DF500B6B9B3 /* Debug */,
				674FD90119A01DF500B6B9B3 /* Release */,
			);
			defaultConfigurationIsVisible = 0;
			defaultConfigurationName = Release;
		};
/* End XCConfigurationList section */
	};
	rootObject = 674FD8D819A01DF400B6B9B3 /* Project object */;
}
