// !$*UTF8*$!
{
	archiveVersion = 1;
	classes = {
	};
	objectVersion = 46;
	objects = {

/* Begin PBXBuildFile section */
		674FD8E619A01DF500B6B9B3 /* AppDelegate.swift in Sources */ = {isa = PBXBuildFile; fileRef = 674FD8E519A01DF500B6B9B3 /* AppDelegate.swift */; };
		674FD8E819A01DF500B6B9B3 /* ViewController.swift in Sources */ = {isa = PBXBuildFile; fileRef = 674FD8E719A01DF500B6B9B3 /* ViewController.swift */; };
		674FD8EB19A01DF500B6B9B3 /* Main.storyboard in Resources */ = {isa = PBXBuildFile; fileRef = 674FD8E919A01DF500B6B9B3 /* Main.storyboard */; };
		674FD8ED19A01DF500B6B9B3 /* Images.xcassets in Resources */ = {isa = PBXBuildFile; fileRef = 674FD8EC19A01DF500B6B9B3 /* Images.xcassets */; };
		674FD8F919A01DF500B6B9B3 /* ExampleTests.swift in Sources */ = {isa = PBXBuildFile; fileRef = 674FD8F819A01DF500B6B9B3 /* ExampleTests.swift */; };
/* End PBXBuildFile section */

/* Begin PBXContainerItemProxy section */
		674FD8F319A01DF500B6B9B3 /* PBXContainerItemProxy */ = {
			isa = PBXContainerItemProxy;
			containerPortal = 674FD8D819A01DF400B6B9B3 /* Project object */;
			proxyType = 1;
			remoteGlobalIDString = 674FD8DF19A01DF500B6B9B3;
			remoteInfo = Example;
		};
/* End PBXContainerItemProxy section */

/* Begin PBXFileReference section */
		674FD8E019A01DF500B6B9B3 /* Example.app */ = {isa = PBXFileReference; explicitFileType = wrapper.application; includeInIndex = 0; path = Example.app; sourceTree = BUILT_PRODUCTS_DIR; };
		674FD8E419A01DF500B6B9B3 /* Info.plist */ = {isa = PBXFileReference; lastKnownFileType = text.plist.xml; path = Info.plist; sourceTree = "<group>"; };
		674FD8E519A01DF500B6B9B3 /* AppDelegate.swift */ = {isa = PBXFileReference; lastKnownFileType = sourcecode.swift; path = AppDelegate.swift; sourceTree = "<group>"; };
		674FD8E719A01DF500B6B9B3 /* ViewController.swift */ = {isa = PBXFileReference; lastKnownFileType = sourcecode.swift; path = ViewController.swift; sourceTree = "<group>"; };
		674FD8EA19A01DF500B6B9B3 /* Base */ = {isa = PBXFileReference; lastKnownFileType = file.storyboard; name = Base; path = Base.lproj/Main.storyboard; sourceTree = "<group>"; };
		674FD8EC19A01DF500B6B9B3 /* Images.xcassets */ = {isa = PBXFileReference; lastKnownFileType = folder.assetcatalog; path = Images.xcassets; sourceTree = "<group>"; };
		674FD8F219A01DF500B6B9B3 /* ExampleTests.xctest */ = {isa = PBXFileReference; explicitFileType = wrapper.cfbundle; includeInIndex = 0; path = ExampleTests.xctest; sourceTree = BUILT_PRODUCTS_DIR; };
		674FD8F719A01DF500B6B9B3 /* Info.plist */ = {isa = PBXFileReference; lastKnownFileType = text.plist.xml; path = Info.plist; sourceTree = "<group>"; };
		674FD8F819A01DF500B6B9B3 /* ExampleTests.swift */ = {isa = PBXFileReference; lastKnownFileType = sourcecode.swift; path = ExampleTests.swift; sourceTree = "<group>"; };
/* End PBXFileReference section */

/* Begin PBXFrameworksBuildPhase section */
		674FD8DD19A01DF500B6B9B3 /* Frameworks */ = {
			isa = PBXFrameworksBuildPhase;
			buildActionMask = 2147483647;
			files = (
			);
			runOnlyForDeploymentPostprocessing = 0;
		};
		674FD8EF19A01DF500B6B9B3 /* Frameworks */ = {
			isa = PBXFrameworksBuildPhase;
			buildActionMask = 2147483647;
			files = (
			);
			runOnlyForDeploymentPostprocessing = 0;
		};
/* End PBXFrameworksBuildPhase section */

/* Begin PBXGroup section */
		674FD8D719A01DF400B6B9B3 = {
			isa = PBXGroup;
			children = (
				674FD8E219A01DF500B6B9B3 /* Example */,
				674FD8F519A01DF500B6B9B3 /* ExampleTests */,
				674FD8E119A01DF500B6B9B3 /* Products */,
			);
			sourceTree = "<group>";
		};
		674FD8E119A01DF500B6B9B3 /* Products */ = {
			isa = PBXGroup;
			children = (
				674FD8E019A01DF500B6B9B3 /* Example.app */,
				674FD8F219A01DF500B6B9B3 /* ExampleTests.xctest */,
			);
			name = Products;
			sourceTree = "<group>";
		};
		674FD8E219A01DF500B6B9B3 /* Example */ = {
			isa = PBXGroup;
			children = (
				674FD8E519A01DF500B6B9B3 /* AppDelegate.swift */,
				674FD8E719A01DF500B6B9B3 /* ViewController.swift */,
				674FD8E919A01DF500B6B9B3 /* Main.storyboard */,
				674FD8EC19A01DF500B6B9B3 /* Images.xcassets */,
				674FD8E319A01DF500B6B9B3 /* Supporting Files */,
			);
			path = Example;
			sourceTree = "<group>";
		};
		674FD8E319A01DF500B6B9B3 /* Supporting Files */ = {
			isa = PBXGroup;
			children = (
				674FD8E419A01DF500B6B9B3 /* Info.plist */,
			);
			name = "Supporting Files";
			sourceTree = "<group>";
		};
		674FD8F519A01DF500B6B9B3 /* ExampleTests */ = {
			isa = PBXGroup;
			children = (
				674FD8F819A01DF500B6B9B3 /* ExampleTests.swift */,
				674FD8F619A01DF500B6B9B3 /* Supporting Files */,
			);
			path = ExampleTests;
			sourceTree = "<group>";
		};
		674FD8F619A01DF500B6B9B3 /* Supporting Files */ = {
			isa = PBXGroup;
			children = (
				674FD8F719A01DF500B6B9B3 /* Info.plist */,
			);
			name = "Supporting Files";
			sourceTree = "<group>";
		};
/* End PBXGroup section */

/* Begin PBXNativeTarget section */
		674FD8DF19A01DF500B6B9B3 /* Example */ = {
			isa = PBXNativeTarget;
			buildConfigurationList = 674FD8FC19A01DF500B6B9B3 /* Build configuration list for PBXNativeTarget "Example" */;
			buildPhases = (
				674FD8DC19A01DF500B6B9B3 /* Sources */,
				674FD8DD19A01DF500B6B9B3 /* Frameworks */,
				674FD8DE19A01DF500B6B9B3 /* Resources */,
			);
			buildRules = (
			);
			dependencies = (
			);
			name = Example;
			productName = Example;
			productReference = 674FD8E019A01DF500B6B9B3 /* Example.app */;
			productType = "com.apple.product-type.application";
		};
		674FD8F119A01DF500B6B9B3 /* ExampleTests */ = {
			isa = PBXNativeTarget;
			buildConfigurationList = 674FD8FF19A01DF500B6B9B3 /* Build configuration list for PBXNativeTarget "ExampleTests" */;
			buildPhases = (
				674FD8EE19A01DF500B6B9B3 /* Sources */,
				674FD8EF19A01DF500B6B9B3 /* Frameworks */,
				674FD8F019A01DF500B6B9B3 /* Resources */,
			);
			buildRules = (
			);
			dependencies = (
				674FD8F419A01DF500B6B9B3 /* PBXTargetDependency */,
			);
			name = ExampleTests;
			productName = ExampleTests;
			productReference = 674FD8F219A01DF500B6B9B3 /* ExampleTests.xctest */;
			productType = "com.apple.product-type.bundle.unit-test";
		};
/* End PBXNativeTarget section */

/* Begin PBXProject section */
		674FD8D819A01DF400B6B9B3 /* Project object */ = {
			isa = PBXProject;
			attributes = {
				LastUpgradeCheck = 0600;
				ORGANIZATIONNAME = NGeen;
				TargetAttributes = {
					674FD8DF19A01DF500B6B9B3 = {
						CreatedOnToolsVersion = 6.0;
					};
					674FD8F119A01DF500B6B9B3 = {
						CreatedOnToolsVersion = 6.0;
						TestTargetID = 674FD8DF19A01DF500B6B9B3;
					};
				};
			};
			buildConfigurationList = 674FD8DB19A01DF400B6B9B3 /* Build configuration list for PBXProject "Example" */;
			compatibilityVersion = "Xcode 3.2";
			developmentRegion = English;
			hasScannedForEncodings = 0;
			knownRegions = (
				en,
				Base,
			);
			mainGroup = 674FD8D719A01DF400B6B9B3;
			productRefGroup = 674FD8E119A01DF500B6B9B3 /* Products */;
			projectDirPath = "";
			projectRoot = "";
			targets = (
				674FD8DF19A01DF500B6B9B3 /* Example */,
				674FD8F119A01DF500B6B9B3 /* ExampleTests */,
			);
		};
/* End PBXProject section */

/* Begin PBXResourcesBuildPhase section */
		674FD8DE19A01DF500B6B9B3 /* Resources */ = {
			isa = PBXResourcesBuildPhase;
			buildActionMask = 2147483647;
			files = (
				674FD8EB19A01DF500B6B9B3 /* Main.storyboard in Resources */,
				674FD8ED19A01DF500B6B9B3 /* Images.xcassets in Resources */,
			);
			runOnlyForDeploymentPostprocessing = 0;
		};
		674FD8F019A01DF500B6B9B3 /* Resources */ = {
			isa = PBXResourcesBuildPhase;
			buildActionMask = 2147483647;
			files = (
			);
			runOnlyForDeploymentPostprocessing = 0;
		};
/* End PBXResourcesBuildPhase section */

/* Begin PBXSourcesBuildPhase section */
		674FD8DC19A01DF500B6B9B3 /* Sources */ = {
			isa = PBXSourcesBuildPhase;
			buildActionMask = 2147483647;
			files = (
				674FD8E819A01DF500B6B9B3 /* ViewController.swift in Sources */,
				674FD8E619A01DF500B6B9B3 /* AppDelegate.swift in Sources */,
			);
			runOnlyForDeploymentPostprocessing = 0;
		};
		674FD8EE19A01DF500B6B9B3 /* Sources */ = {
			isa = PBXSourcesBuildPhase;
			buildActionMask = 2147483647;
			files = (
				674FD8F919A01DF500B6B9B3 /* ExampleTests.swift in Sources */,
			);
			runOnlyForDeploymentPostprocessing = 0;
		};
/* End PBXSourcesBuildPhase section */

/* Begin PBXTargetDependency section */
		674FD8F419A01DF500B6B9B3 /* PBXTargetDependency */ = {
			isa = PBXTargetDependency;
			target = 674FD8DF19A01DF500B6B9B3 /* Example */;
			targetProxy = 674FD8F319A01DF500B6B9B3 /* PBXContainerItemProxy */;
		};
/* End PBXTargetDependency section */

/* Begin PBXVariantGroup section */
		674FD8E919A01DF500B6B9B3 /* Main.storyboard */ = {
			isa = PBXVariantGroup;
			children = (
				674FD8EA19A01DF500B6B9B3 /* Base */,
			);
			name = Main.storyboard;
			sourceTree = "<group>";
		};
/* End PBXVariantGroup section */

/* Begin XCBuildConfiguration section */
		674FD8FA19A01DF500B6B9B3 /* Debug */ = {
			isa = XCBuildConfiguration;
			buildSettings = {
				ALWAYS_SEARCH_USER_PATHS = NO;
				CLANG_CXX_LANGUAGE_STANDARD = "gnu++0x";
				CLANG_CXX_LIBRARY = "libc++";
				CLANG_ENABLE_MODULES = YES;
				CLANG_ENABLE_OBJC_ARC = YES;
				CLANG_WARN_BOOL_CONVERSION = YES;
				CLANG_WARN_CONSTANT_CONVERSION = YES;
				CLANG_WARN_DIRECT_OBJC_ISA_USAGE = YES_ERROR;
				CLANG_WARN_EMPTY_BODY = YES;
				CLANG_WARN_ENUM_CONVERSION = YES;
				CLANG_WARN_INT_CONVERSION = YES;
				CLANG_WARN_OBJC_ROOT_CLASS = YES_ERROR;
				CLANG_WARN_UNREACHABLE_CODE = YES;
				CLANG_WARN__DUPLICATE_METHOD_MATCH = YES;
				"CODE_SIGN_IDENTITY[sdk=iphoneos*]" = "iPhone Developer";
				COPY_PHASE_STRIP = NO;
				ENABLE_STRICT_OBJC_MSGSEND = YES;
				GCC_C_LANGUAGE_STANDARD = gnu99;
				GCC_DYNAMIC_NO_PIC = NO;
				GCC_OPTIMIZATION_LEVEL = 0;
				GCC_PREPROCESSOR_DEFINITIONS = (
					"DEBUG=1",
					"$(inherited)",
				);
				GCC_SYMBOLS_PRIVATE_EXTERN = NO;
				GCC_WARN_64_TO_32_BIT_CONVERSION = YES;
				GCC_WARN_ABOUT_RETURN_TYPE = YES_ERROR;
				GCC_WARN_UNDECLARED_SELECTOR = YES;
				GCC_WARN_UNINITIALIZED_AUTOS = YES_AGGRESSIVE;
				GCC_WARN_UNUSED_FUNCTION = YES;
				GCC_WARN_UNUSED_VARIABLE = YES;
				IPHONEOS_DEPLOYMENT_TARGET = 8.0;
				MTL_ENABLE_DEBUG_INFO = YES;
				ONLY_ACTIVE_ARCH = YES;
				SDKROOT = iphoneos;
				SWIFT_OPTIMIZATION_LEVEL = "-Onone";
			};
			name = Debug;
		};
		674FD8FB19A01DF500B6B9B3 /* Release */ = {
			isa = XCBuildConfiguration;
			buildSettings = {
				ALWAYS_SEARCH_USER_PATHS = NO;
				CLANG_CXX_LANGUAGE_STANDARD = "gnu++0x";
				CLANG_CXX_LIBRARY = "libc++";
				CLANG_ENABLE_MODULES = YES;
				CLANG_ENABLE_OBJC_ARC = YES;
				CLANG_WARN_BOOL_CONVERSION = YES;
				CLANG_WARN_CONSTANT_CONVERSION = YES;
				CLANG_WARN_DIRECT_OBJC_ISA_USAGE = YES_ERROR;
				CLANG_WARN_EMPTY_BODY = YES;
				CLANG_WARN_ENUM_CONVERSION = YES;
				CLANG_WARN_INT_CONVERSION = YES;
				CLANG_WARN_OBJC_ROOT_CLASS = YES_ERROR;
				CLANG_WARN_UNREACHABLE_CODE = YES;
				CLANG_WARN__DUPLICATE_METHOD_MATCH = YES;
				"CODE_SIGN_IDENTITY[sdk=iphoneos*]" = "iPhone Developer";
				COPY_PHASE_STRIP = YES;
				ENABLE_NS_ASSERTIONS = NO;
				ENABLE_STRICT_OBJC_MSGSEND = YES;
				GCC_C_LANGUAGE_STANDARD = gnu99;
				GCC_WARN_64_TO_32_BIT_CONVERSION = YES;
				GCC_WARN_ABOUT_RETURN_TYPE = YES_ERROR;
				GCC_WARN_UNDECLARED_SELECTOR = YES;
				GCC_WARN_UNINITIALIZED_AUTOS = YES_AGGRESSIVE;
				GCC_WARN_UNUSED_FUNCTION = YES;
				GCC_WARN_UNUSED_VARIABLE = YES;
				IPHONEOS_DEPLOYMENT_TARGET = 8.0;
				MTL_ENABLE_DEBUG_INFO = NO;
				SDKROOT = iphoneos;
				VALIDATE_PRODUCT = YES;
			};
			name = Release;
		};
		674FD8FD19A01DF500B6B9B3 /* Debug */ = {
			isa = XCBuildConfiguration;
			buildSettings = {
				ASSETCATALOG_COMPILER_APPICON_NAME = AppIcon;
				ASSETCATALOG_COMPILER_LAUNCHIMAGE_NAME = LaunchImage;
				INFOPLIST_FILE = Example/Info.plist;
				LD_RUNPATH_SEARCH_PATHS = "$(inherited) @executable_path/Frameworks";
				PRODUCT_NAME = "$(TARGET_NAME)";
			};
			name = Debug;
		};
		674FD8FE19A01DF500B6B9B3 /* Release */ = {
			isa = XCBuildConfiguration;
			buildSettings = {
				ASSETCATALOG_COMPILER_APPICON_NAME = AppIcon;
				ASSETCATALOG_COMPILER_LAUNCHIMAGE_NAME = LaunchImage;
				INFOPLIST_FILE = Example/Info.plist;
				LD_RUNPATH_SEARCH_PATHS = "$(inherited) @executable_path/Frameworks";
				PRODUCT_NAME = "$(TARGET_NAME)";
			};
			name = Release;
		};
		674FD90019A01DF500B6B9B3 /* Debug */ = {
			isa = XCBuildConfiguration;
			buildSettings = {
				BUNDLE_LOADER = "$(TEST_HOST)";
				FRAMEWORK_SEARCH_PATHS = (
					"$(SDKROOT)/Developer/Library/Frameworks",
					"$(inherited)",
				);
				GCC_PREPROCESSOR_DEFINITIONS = (
					"DEBUG=1",
					"$(inherited)",
				);
				INFOPLIST_FILE = ExampleTests/Info.plist;
				LD_RUNPATH_SEARCH_PATHS = "$(inherited) @executable_path/Frameworks @loader_path/Frameworks";
				PRODUCT_NAME = "$(TARGET_NAME)";
				TEST_HOST = "$(BUILT_PRODUCTS_DIR)/Example.app/Example";
			};
			name = Debug;
		};
		674FD90119A01DF500B6B9B3 /* Release */ = {
			isa = XCBuildConfiguration;
			buildSettings = {
				BUNDLE_LOADER = "$(TEST_HOST)";
				FRAMEWORK_SEARCH_PATHS = (
					"$(SDKROOT)/Developer/Library/Frameworks",
					"$(inherited)",
				);
				INFOPLIST_FILE = ExampleTests/Info.plist;
				LD_RUNPATH_SEARCH_PATHS = "$(inherited) @executable_path/Frameworks @loader_path/Frameworks";
				PRODUCT_NAME = "$(TARGET_NAME)";
				TEST_HOST = "$(BUILT_PRODUCTS_DIR)/Example.app/Example";
			};
			name = Release;
		};
/* End XCBuildConfiguration section */

/* Begin XCConfigurationList section */
		674FD8DB19A01DF400B6B9B3 /* Build configuration list for PBXProject "Example" */ = {
			isa = XCConfigurationList;
			buildConfigurations = (
				674FD8FA19A01DF500B6B9B3 /* Debug */,
				674FD8FB19A01DF500B6B9B3 /* Release */,
			);
			defaultConfigurationIsVisible = 0;
			defaultConfigurationName = Release;
		};
		674FD8FC19A01DF500B6B9B3 /* Build configuration list for PBXNativeTarget "Example" */ = {
			isa = XCConfigurationList;
			buildConfigurations = (
				674FD8FD19A01DF500B6B9B3 /* Debug */,
				674FD8FE19A01DF500B6B9B3 /* Release */,
			);
			defaultConfigurationIsVisible = 0;
		};
		674FD8FF19A01DF500B6B9B3 /* Build configuration list for PBXNativeTarget "ExampleTests" */ = {
			isa = XCConfigurationList;
			buildConfigurations = (
				674FD90019A01DF500B6B9B3 /* Debug */,
				674FD90119A01DF500B6B9B3 /* Release */,
			);
			defaultConfigurationIsVisible = 0;
		};
/* End XCConfigurationList section */
	};
	rootObject = 674FD8D819A01DF400B6B9B3 /* Project object */;
}
